
Microsoft Visual Studio Solution File, Format Version 12.00
# Visual Studio Version 17
VisualStudioVersion = 17.3.32929.385
MinimumVisualStudioVersion = 10.0.40219.1
Project("{FAE04EC0-301F-11D3-BF4B-00C04F79EFBC}") = "Bookmaster", "Bookmaster.csproj", "{1721FB47-237C-423D-B2C2-F5712CDA9FCD}"
EndProject
Global
	GlobalSection(SolutionConfigurationPlatforms) = preSolution
		Debug|Any CPU = Debug|Any CPU
		Release|Any CPU = Release|Any CPU
	EndGlobalSection
	GlobalSection(ProjectConfigurationPlatforms) = postSolution
		{1721FB47-237C-423D-B2C2-F5712CDA9FCD}.Debug|Any CPU.ActiveCfg = Debug|Any CPU
		{1721FB47-237C-423D-B2C2-F5712CDA9FCD}.Debug|Any CPU.Build.0 = Debug|Any CPU
		{1721FB47-237C-423D-B2C2-F5712CDA9FCD}.Release|Any CPU.ActiveCfg = Release|Any CPU
		{1721FB47-237C-423D-B2C2-F5712CDA9FCD}.Release|Any CPU.Build.0 = Release|Any CPU
	EndGlobalSection
	GlobalSection(SolutionProperties) = preSolution
		HideSolutionNode = FALSE
	EndGlobalSection
	GlobalSection(ExtensibilityGlobals) = postSolution
		SolutionGuid = {34B3CD7D-AE3A-4ADA-9ED6-F39ED715D5D8}
	EndGlobalSection
EndGlobal
